// !$*UTF8*$!
{
	archiveVersion = 1;
	classes = {
	};
	objectVersion = 48;
	objects = {

/* Begin PBXBuildFile section */
		FB0AD55A1FDADE230036057C /* IntentHandler.m in Sources */ = {isa = PBXBuildFile; fileRef = FB0AD5591FDADE230036057C /* IntentHandler.m */; };
		FB0AD5631FDADE230036057C /* IntentsUI.framework in Frameworks */ = {isa = PBXBuildFile; fileRef = FB0AD5621FDADE230036057C /* IntentsUI.framework */; };
		FB0AD5671FDADE230036057C /* IntentViewController.m in Sources */ = {isa = PBXBuildFile; fileRef = FB0AD5661FDADE230036057C /* IntentViewController.m */; };
		FB0AD56A1FDADE230036057C /* MainInterface.storyboard in Resources */ = {isa = PBXBuildFile; fileRef = FB0AD5681FDADE230036057C /* MainInterface.storyboard */; };
		FB0AD56E1FDADE230036057C /* HazMatIntentsUI.appex in Embed App Extensions */ = {isa = PBXBuildFile; fileRef = FB0AD5601FDADE230036057C /* HazMatIntentsUI.appex */; settings = {ATTRIBUTES = (RemoveHeadersOnCopy, ); }; };
		FB0AD5711FDADE230036057C /* HazMatIntents.appex in Embed App Extensions */ = {isa = PBXBuildFile; fileRef = FB0AD5561FDADE230036057C /* HazMatIntents.appex */; settings = {ATTRIBUTES = (RemoveHeadersOnCopy, ); }; };
		FBC3CE752024A68B00D4EDE2 /* AboutVC.m in Sources */ = {isa = PBXBuildFile; fileRef = FBC3CE742024A68B00D4EDE2 /* AboutVC.m */; };
		FBC3CE772024AD1F00D4EDE2 /* about.html in Resources */ = {isa = PBXBuildFile; fileRef = FBC3CE762024AD1F00D4EDE2 /* about.html */; };
		FBC3CE7A2024B25800D4EDE2 /* OfficialVC.m in Sources */ = {isa = PBXBuildFile; fileRef = FBC3CE792024B25800D4EDE2 /* OfficialVC.m */; };
		FBC3CE842025F8EC00D4EDE2 /* classesdb in Resources */ = {isa = PBXBuildFile; fileRef = FBC3CE802025F8EC00D4EDE2 /* classesdb */; };
		FBC3CE852025F8EC00D4EDE2 /* ergdb in Resources */ = {isa = PBXBuildFile; fileRef = FBC3CE812025F8EC00D4EDE2 /* ergdb */; };
		FBC3CE862025F8EC00D4EDE2 /* nfpadb in Resources */ = {isa = PBXBuildFile; fileRef = FBC3CE822025F8EC00D4EDE2 /* nfpadb */; };
		FBC3CE872025F8EC00D4EDE2 /* wikidb in Resources */ = {isa = PBXBuildFile; fileRef = FBC3CE832025F8EC00D4EDE2 /* wikidb */; };
		FBDC10F91FD32697009D3933 /* AppDelegate.m in Sources */ = {isa = PBXBuildFile; fileRef = FBDC10F81FD32697009D3933 /* AppDelegate.m */; };
		FBDC10FC1FD32697009D3933 /* ViewController.m in Sources */ = {isa = PBXBuildFile; fileRef = FBDC10FB1FD32697009D3933 /* ViewController.m */; };
		FBDC11021FD32697009D3933 /* ChesHaz.xcdatamodeld in Sources */ = {isa = PBXBuildFile; fileRef = FBDC11001FD32697009D3933 /* ChesHaz.xcdatamodeld */; };
		FBDC11041FD32697009D3933 /* Assets.xcassets in Resources */ = {isa = PBXBuildFile; fileRef = FBDC11031FD32697009D3933 /* Assets.xcassets */; };
		FBDC110A1FD32697009D3933 /* main.m in Sources */ = {isa = PBXBuildFile; fileRef = FBDC11091FD32697009D3933 /* main.m */; };
		FBDC11151FD3277B009D3933 /* Substance.m in Sources */ = {isa = PBXBuildFile; fileRef = FBDC11141FD3277B009D3933 /* Substance.m */; };
		FBDC111A1FD334B1009D3933 /* DOT.gif in Resources */ = {isa = PBXBuildFile; fileRef = FBDC11191FD334B1009D3933 /* DOT.gif */; };
		FBFFB0391FD6C433007D6191 /* Main.storyboard in Resources */ = {isa = PBXBuildFile; fileRef = FBFFB0381FD6C433007D6191 /* Main.storyboard */; };
		FBFFB03B1FD6CCBC007D6191 /* Launch.png in Resources */ = {isa = PBXBuildFile; fileRef = FBFFB03A1FD6CCBC007D6191 /* Launch.png */; };
/* End PBXBuildFile section */

/* Begin PBXContainerItemProxy section */
		FB0AD56C1FDADE230036057C /* PBXContainerItemProxy */ = {
			isa = PBXContainerItemProxy;
			containerPortal = FBDC10EC1FD32697009D3933 /* Project object */;
			proxyType = 1;
			remoteGlobalIDString = FB0AD55F1FDADE230036057C;
			remoteInfo = HazMatIntentsUI;
		};
		FB0AD56F1FDADE230036057C /* PBXContainerItemProxy */ = {
			isa = PBXContainerItemProxy;
			containerPortal = FBDC10EC1FD32697009D3933 /* Project object */;
			proxyType = 1;
			remoteGlobalIDString = FB0AD5551FDADE230036057C;
			remoteInfo = HazMatIntents;
		};
/* End PBXContainerItemProxy section */

/* Begin PBXCopyFilesBuildPhase section */
		FB0AD5781FDADE230036057C /* Embed App Extensions */ = {
			isa = PBXCopyFilesBuildPhase;
			buildActionMask = 2147483647;
			dstPath = "";
			dstSubfolderSpec = 13;
			files = (
				FB0AD56E1FDADE230036057C /* HazMatIntentsUI.appex in Embed App Extensions */,
				FB0AD5711FDADE230036057C /* HazMatIntents.appex in Embed App Extensions */,
			);
			name = "Embed App Extensions";
			runOnlyForDeploymentPostprocessing = 0;
		};
/* End PBXCopyFilesBuildPhase section */

/* Begin PBXFileReference section */
		FB0AD5511FDADDA50036057C /* ChesHaz.entitlements */ = {isa = PBXFileReference; lastKnownFileType = text.plist.entitlements; path = ChesHaz.entitlements; sourceTree = "<group>"; };
		FB0AD5561FDADE230036057C /* HazMatIntents.appex */ = {isa = PBXFileReference; explicitFileType = "wrapper.app-extension"; includeInIndex = 0; path = HazMatIntents.appex; sourceTree = BUILT_PRODUCTS_DIR; };
		FB0AD5581FDADE230036057C /* IntentHandler.h */ = {isa = PBXFileReference; lastKnownFileType = sourcecode.c.h; path = IntentHandler.h; sourceTree = "<group>"; };
		FB0AD5591FDADE230036057C /* IntentHandler.m */ = {isa = PBXFileReference; lastKnownFileType = sourcecode.c.objc; path = IntentHandler.m; sourceTree = "<group>"; };
		FB0AD55B1FDADE230036057C /* Info.plist */ = {isa = PBXFileReference; lastKnownFileType = text.plist.xml; path = Info.plist; sourceTree = "<group>"; };
		FB0AD5601FDADE230036057C /* HazMatIntentsUI.appex */ = {isa = PBXFileReference; explicitFileType = "wrapper.app-extension"; includeInIndex = 0; path = HazMatIntentsUI.appex; sourceTree = BUILT_PRODUCTS_DIR; };
		FB0AD5621FDADE230036057C /* IntentsUI.framework */ = {isa = PBXFileReference; lastKnownFileType = wrapper.framework; name = IntentsUI.framework; path = System/Library/Frameworks/IntentsUI.framework; sourceTree = SDKROOT; };
		FB0AD5651FDADE230036057C /* IntentViewController.h */ = {isa = PBXFileReference; lastKnownFileType = sourcecode.c.h; path = IntentViewController.h; sourceTree = "<group>"; };
		FB0AD5661FDADE230036057C /* IntentViewController.m */ = {isa = PBXFileReference; lastKnownFileType = sourcecode.c.objc; path = IntentViewController.m; sourceTree = "<group>"; };
		FB0AD5691FDADE230036057C /* Base */ = {isa = PBXFileReference; lastKnownFileType = file.storyboard; name = Base; path = Base.lproj/MainInterface.storyboard; sourceTree = "<group>"; };
		FB0AD56B1FDADE230036057C /* Info.plist */ = {isa = PBXFileReference; lastKnownFileType = text.plist.xml; path = Info.plist; sourceTree = "<group>"; };
		FBC3CE732024A68B00D4EDE2 /* AboutVC.h */ = {isa = PBXFileReference; lastKnownFileType = sourcecode.c.h; name = AboutVC.h; path = ChesHaz/AboutVC.h; sourceTree = SOURCE_ROOT; };
		FBC3CE742024A68B00D4EDE2 /* AboutVC.m */ = {isa = PBXFileReference; lastKnownFileType = sourcecode.c.objc; name = AboutVC.m; path = ChesHaz/AboutVC.m; sourceTree = SOURCE_ROOT; };
		FBC3CE762024AD1F00D4EDE2 /* about.html */ = {isa = PBXFileReference; fileEncoding = 4; lastKnownFileType = text.html; path = about.html; sourceTree = "<group>"; };
		FBC3CE782024B25800D4EDE2 /* OfficialVC.h */ = {isa = PBXFileReference; lastKnownFileType = sourcecode.c.h; path = OfficialVC.h; sourceTree = "<group>"; };
		FBC3CE792024B25800D4EDE2 /* OfficialVC.m */ = {isa = PBXFileReference; lastKnownFileType = sourcecode.c.objc; path = OfficialVC.m; sourceTree = "<group>"; };
		FBC3CE802025F8EC00D4EDE2 /* classesdb */ = {isa = PBXFileReference; fileEncoding = 4; lastKnownFileType = text; path = classesdb; sourceTree = "<group>"; };
		FBC3CE812025F8EC00D4EDE2 /* ergdb */ = {isa = PBXFileReference; fileEncoding = 4; lastKnownFileType = text; path = ergdb; sourceTree = "<group>"; };
		FBC3CE822025F8EC00D4EDE2 /* nfpadb */ = {isa = PBXFileReference; fileEncoding = 4; lastKnownFileType = text; path = nfpadb; sourceTree = "<group>"; };
		FBC3CE832025F8EC00D4EDE2 /* wikidb */ = {isa = PBXFileReference; fileEncoding = 4; lastKnownFileType = text; path = wikidb; sourceTree = "<group>"; };
		FBDC10F41FD32697009D3933 /* ChesHaz.app */ = {isa = PBXFileReference; explicitFileType = wrapper.application; includeInIndex = 0; path = ChesHaz.app; sourceTree = BUILT_PRODUCTS_DIR; };
		FBDC10F71FD32697009D3933 /* AppDelegate.h */ = {isa = PBXFileReference; lastKnownFileType = sourcecode.c.h; path = AppDelegate.h; sourceTree = "<group>"; };
		FBDC10F81FD32697009D3933 /* AppDelegate.m */ = {isa = PBXFileReference; lastKnownFileType = sourcecode.c.objc; path = AppDelegate.m; sourceTree = "<group>"; };
		FBDC10FA1FD32697009D3933 /* ViewController.h */ = {isa = PBXFileReference; lastKnownFileType = sourcecode.c.h; path = ViewController.h; sourceTree = "<group>"; };
		FBDC10FB1FD32697009D3933 /* ViewController.m */ = {isa = PBXFileReference; lastKnownFileType = sourcecode.c.objc; path = ViewController.m; sourceTree = "<group>"; };
		FBDC11011FD32697009D3933 /* ChesHaz.xcdatamodel */ = {isa = PBXFileReference; lastKnownFileType = wrapper.xcdatamodel; path = ChesHaz.xcdatamodel; sourceTree = "<group>"; };
		FBDC11031FD32697009D3933 /* Assets.xcassets */ = {isa = PBXFileReference; lastKnownFileType = folder.assetcatalog; path = Assets.xcassets; sourceTree = "<group>"; };
		FBDC11081FD32697009D3933 /* Info.plist */ = {isa = PBXFileReference; lastKnownFileType = text.plist.xml; path = Info.plist; sourceTree = "<group>"; };
		FBDC11091FD32697009D3933 /* main.m */ = {isa = PBXFileReference; lastKnownFileType = sourcecode.c.objc; path = main.m; sourceTree = "<group>"; };
		FBDC11131FD3277B009D3933 /* Substance.h */ = {isa = PBXFileReference; lastKnownFileType = sourcecode.c.h; path = Substance.h; sourceTree = "<group>"; };
		FBDC11141FD3277B009D3933 /* Substance.m */ = {isa = PBXFileReference; lastKnownFileType = sourcecode.c.objc; path = Substance.m; sourceTree = "<group>"; };
		FBDC11191FD334B1009D3933 /* DOT.gif */ = {isa = PBXFileReference; lastKnownFileType = image.gif; path = DOT.gif; sourceTree = "<group>"; };
		FBFFB0381FD6C433007D6191 /* Main.storyboard */ = {isa = PBXFileReference; fileEncoding = 4; lastKnownFileType = file.storyboard; path = Main.storyboard; sourceTree = "<group>"; };
		FBFFB03A1FD6CCBC007D6191 /* Launch.png */ = {isa = PBXFileReference; lastKnownFileType = image.png; path = Launch.png; sourceTree = "<group>"; };
/* End PBXFileReference section */

/* Begin PBXFrameworksBuildPhase section */
		FB0AD5531FDADE230036057C /* Frameworks */ = {
			isa = PBXFrameworksBuildPhase;
			buildActionMask = 2147483647;
			files = (
			);
			runOnlyForDeploymentPostprocessing = 0;
		};
		FB0AD55D1FDADE230036057C /* Frameworks */ = {
			isa = PBXFrameworksBuildPhase;
			buildActionMask = 2147483647;
			files = (
				FB0AD5631FDADE230036057C /* IntentsUI.framework in Frameworks */,
			);
			runOnlyForDeploymentPostprocessing = 0;
		};
		FBDC10F11FD32697009D3933 /* Frameworks */ = {
			isa = PBXFrameworksBuildPhase;
			buildActionMask = 2147483647;
			files = (
			);
			runOnlyForDeploymentPostprocessing = 0;
		};
/* End PBXFrameworksBuildPhase section */

/* Begin PBXGroup section */
		FB0AD5571FDADE230036057C /* HazMatIntents */ = {
			isa = PBXGroup;
			children = (
				FB0AD5581FDADE230036057C /* IntentHandler.h */,
				FB0AD5591FDADE230036057C /* IntentHandler.m */,
				FB0AD55B1FDADE230036057C /* Info.plist */,
			);
			path = HazMatIntents;
			sourceTree = "<group>";
		};
		FB0AD5611FDADE230036057C /* Frameworks */ = {
			isa = PBXGroup;
			children = (
				FB0AD5621FDADE230036057C /* IntentsUI.framework */,
			);
			name = Frameworks;
			sourceTree = "<group>";
		};
		FB0AD5641FDADE230036057C /* HazMatIntentsUI */ = {
			isa = PBXGroup;
			children = (
				FB0AD5651FDADE230036057C /* IntentViewController.h */,
				FB0AD5661FDADE230036057C /* IntentViewController.m */,
				FB0AD5681FDADE230036057C /* MainInterface.storyboard */,
				FB0AD56B1FDADE230036057C /* Info.plist */,
			);
			path = HazMatIntentsUI;
			sourceTree = "<group>";
		};
		FBC3CE7F2025F8EC00D4EDE2 /* Databases */ = {
			isa = PBXGroup;
			children = (
				FBC3CE802025F8EC00D4EDE2 /* classesdb */,
				FBC3CE812025F8EC00D4EDE2 /* ergdb */,
				FBC3CE822025F8EC00D4EDE2 /* nfpadb */,
				FBC3CE832025F8EC00D4EDE2 /* wikidb */,
			);
			path = Databases;
			sourceTree = "<group>";
		};
		FBDC10EB1FD32697009D3933 = {
			isa = PBXGroup;
			children = (
				FBDC10F61FD32697009D3933 /* ChesHaz */,
				FB0AD5571FDADE230036057C /* HazMatIntents */,
				FB0AD5641FDADE230036057C /* HazMatIntentsUI */,
				FB0AD5611FDADE230036057C /* Frameworks */,
				FBDC10F51FD32697009D3933 /* Products */,
			);
			sourceTree = "<group>";
		};
		FBDC10F51FD32697009D3933 /* Products */ = {
			isa = PBXGroup;
			children = (
				FBDC10F41FD32697009D3933 /* ChesHaz.app */,
				FB0AD5561FDADE230036057C /* HazMatIntents.appex */,
				FB0AD5601FDADE230036057C /* HazMatIntentsUI.appex */,
			);
			name = Products;
			sourceTree = "<group>";
		};
		FBDC10F61FD32697009D3933 /* ChesHaz */ = {
			isa = PBXGroup;
			children = (
				FB0AD5511FDADDA50036057C /* ChesHaz.entitlements */,
				FBDC10F71FD32697009D3933 /* AppDelegate.h */,
				FBDC10F81FD32697009D3933 /* AppDelegate.m */,
				FBDC10FA1FD32697009D3933 /* ViewController.h */,
				FBDC10FB1FD32697009D3933 /* ViewController.m */,
				FBDC11131FD3277B009D3933 /* Substance.h */,
				FBDC11141FD3277B009D3933 /* Substance.m */,
				FBC3CE782024B25800D4EDE2 /* OfficialVC.h */,
				FBC3CE792024B25800D4EDE2 /* OfficialVC.m */,
				FBC3CE732024A68B00D4EDE2 /* AboutVC.h */,
				FBC3CE742024A68B00D4EDE2 /* AboutVC.m */,
				FBDC11081FD32697009D3933 /* Info.plist */,
				FBDC11091FD32697009D3933 /* main.m */,
				FBDC11001FD32697009D3933 /* ChesHaz.xcdatamodeld */,
				FBFFB0381FD6C433007D6191 /* Main.storyboard */,
				FBC3CE7F2025F8EC00D4EDE2 /* Databases */,
				FBDC11161FD32D80009D3933 /* WorkingStuff */,
			);
			path = ChesHaz;
			sourceTree = "<group>";
		};
		FBDC11161FD32D80009D3933 /* WorkingStuff */ = {
			isa = PBXGroup;
			children = (
				FBC3CE762024AD1F00D4EDE2 /* about.html */,
				FBDC11031FD32697009D3933 /* Assets.xcassets */,
				FBDC11191FD334B1009D3933 /* DOT.gif */,
				FBFFB03A1FD6CCBC007D6191 /* Launch.png */,
			);
			path = WorkingStuff;
			sourceTree = "<group>";
		};
/* End PBXGroup section */

/* Begin PBXNativeTarget section */
		FB0AD5551FDADE230036057C /* HazMatIntents */ = {
			isa = PBXNativeTarget;
			buildConfigurationList = FB0AD5751FDADE230036057C /* Build configuration list for PBXNativeTarget "HazMatIntents" */;
			buildPhases = (
				FB0AD5521FDADE230036057C /* Sources */,
				FB0AD5531FDADE230036057C /* Frameworks */,
				FB0AD5541FDADE230036057C /* Resources */,
			);
			buildRules = (
			);
			dependencies = (
			);
			name = HazMatIntents;
			productName = HazMatIntents;
			productReference = FB0AD5561FDADE230036057C /* HazMatIntents.appex */;
			productType = "com.apple.product-type.app-extension";
		};
		FB0AD55F1FDADE230036057C /* HazMatIntentsUI */ = {
			isa = PBXNativeTarget;
			buildConfigurationList = FB0AD5721FDADE230036057C /* Build configuration list for PBXNativeTarget "HazMatIntentsUI" */;
			buildPhases = (
				FB0AD55C1FDADE230036057C /* Sources */,
				FB0AD55D1FDADE230036057C /* Frameworks */,
				FB0AD55E1FDADE230036057C /* Resources */,
			);
			buildRules = (
			);
			dependencies = (
			);
			name = HazMatIntentsUI;
			productName = HazMatIntentsUI;
			productReference = FB0AD5601FDADE230036057C /* HazMatIntentsUI.appex */;
			productType = "com.apple.product-type.app-extension";
		};
		FBDC10F31FD32697009D3933 /* ChesHaz */ = {
			isa = PBXNativeTarget;
			buildConfigurationList = FBDC110D1FD32697009D3933 /* Build configuration list for PBXNativeTarget "ChesHaz" */;
			buildPhases = (
				FBDC10F01FD32697009D3933 /* Sources */,
				FBDC10F11FD32697009D3933 /* Frameworks */,
				FBDC10F21FD32697009D3933 /* Resources */,
				FB0AD5781FDADE230036057C /* Embed App Extensions */,
			);
			buildRules = (
			);
			dependencies = (
				FB0AD56D1FDADE230036057C /* PBXTargetDependency */,
				FB0AD5701FDADE230036057C /* PBXTargetDependency */,
			);
			name = ChesHaz;
			productName = ChesHaz;
			productReference = FBDC10F41FD32697009D3933 /* ChesHaz.app */;
			productType = "com.apple.product-type.application";
		};
/* End PBXNativeTarget section */

/* Begin PBXProject section */
		FBDC10EC1FD32697009D3933 /* Project object */ = {
			isa = PBXProject;
			attributes = {
				LastUpgradeCheck = 0910;
				ORGANIZATIONNAME = Cheswick.com;
				TargetAttributes = {
					FB0AD5551FDADE230036057C = {
						CreatedOnToolsVersion = 9.2;
						ProvisioningStyle = Automatic;
					};
					FB0AD55F1FDADE230036057C = {
						CreatedOnToolsVersion = 9.2;
						ProvisioningStyle = Automatic;
					};
					FBDC10F31FD32697009D3933 = {
						CreatedOnToolsVersion = 9.1;
						ProvisioningStyle = Automatic;
						SystemCapabilities = {
							com.apple.Siri = {
								enabled = 1;
							};
						};
					};
				};
			};
			buildConfigurationList = FBDC10EF1FD32697009D3933 /* Build configuration list for PBXProject "ChesHaz" */;
			compatibilityVersion = "Xcode 8.0";
			developmentRegion = en;
			hasScannedForEncodings = 0;
			knownRegions = (
				en,
				Base,
			);
			mainGroup = FBDC10EB1FD32697009D3933;
			productRefGroup = FBDC10F51FD32697009D3933 /* Products */;
			projectDirPath = "";
			projectRoot = "";
			targets = (
				FBDC10F31FD32697009D3933 /* ChesHaz */,
				FB0AD5551FDADE230036057C /* HazMatIntents */,
				FB0AD55F1FDADE230036057C /* HazMatIntentsUI */,
			);
		};
/* End PBXProject section */

/* Begin PBXResourcesBuildPhase section */
		FB0AD5541FDADE230036057C /* Resources */ = {
			isa = PBXResourcesBuildPhase;
			buildActionMask = 2147483647;
			files = (
			);
			runOnlyForDeploymentPostprocessing = 0;
		};
		FB0AD55E1FDADE230036057C /* Resources */ = {
			isa = PBXResourcesBuildPhase;
			buildActionMask = 2147483647;
			files = (
				FB0AD56A1FDADE230036057C /* MainInterface.storyboard in Resources */,
			);
			runOnlyForDeploymentPostprocessing = 0;
		};
		FBDC10F21FD32697009D3933 /* Resources */ = {
			isa = PBXResourcesBuildPhase;
			buildActionMask = 2147483647;
			files = (
				FBC3CE772024AD1F00D4EDE2 /* about.html in Resources */,
				FBC3CE862025F8EC00D4EDE2 /* nfpadb in Resources */,
				FBFFB0391FD6C433007D6191 /* Main.storyboard in Resources */,
				FBDC11041FD32697009D3933 /* Assets.xcassets in Resources */,
				FBC3CE842025F8EC00D4EDE2 /* classesdb in Resources */,
				FBC3CE852025F8EC00D4EDE2 /* ergdb in Resources */,
				FBC3CE872025F8EC00D4EDE2 /* wikidb in Resources */,
				FBDC111A1FD334B1009D3933 /* DOT.gif in Resources */,
				FBFFB03B1FD6CCBC007D6191 /* Launch.png in Resources */,
			);
			runOnlyForDeploymentPostprocessing = 0;
		};
/* End PBXResourcesBuildPhase section */

/* Begin PBXSourcesBuildPhase section */
		FB0AD5521FDADE230036057C /* Sources */ = {
			isa = PBXSourcesBuildPhase;
			buildActionMask = 2147483647;
			files = (
				FB0AD55A1FDADE230036057C /* IntentHandler.m in Sources */,
			);
			runOnlyForDeploymentPostprocessing = 0;
		};
		FB0AD55C1FDADE230036057C /* Sources */ = {
			isa = PBXSourcesBuildPhase;
			buildActionMask = 2147483647;
			files = (
				FB0AD5671FDADE230036057C /* IntentViewController.m in Sources */,
			);
			runOnlyForDeploymentPostprocessing = 0;
		};
		FBDC10F01FD32697009D3933 /* Sources */ = {
			isa = PBXSourcesBuildPhase;
			buildActionMask = 2147483647;
			files = (
				FBC3CE752024A68B00D4EDE2 /* AboutVC.m in Sources */,
				FBDC10FC1FD32697009D3933 /* ViewController.m in Sources */,
				FBC3CE7A2024B25800D4EDE2 /* OfficialVC.m in Sources */,
				FBDC11151FD3277B009D3933 /* Substance.m in Sources */,
				FBDC11021FD32697009D3933 /* ChesHaz.xcdatamodeld in Sources */,
				FBDC110A1FD32697009D3933 /* main.m in Sources */,
				FBDC10F91FD32697009D3933 /* AppDelegate.m in Sources */,
			);
			runOnlyForDeploymentPostprocessing = 0;
		};
/* End PBXSourcesBuildPhase section */

/* Begin PBXTargetDependency section */
		FB0AD56D1FDADE230036057C /* PBXTargetDependency */ = {
			isa = PBXTargetDependency;
			target = FB0AD55F1FDADE230036057C /* HazMatIntentsUI */;
			targetProxy = FB0AD56C1FDADE230036057C /* PBXContainerItemProxy */;
		};
		FB0AD5701FDADE230036057C /* PBXTargetDependency */ = {
			isa = PBXTargetDependency;
			target = FB0AD5551FDADE230036057C /* HazMatIntents */;
			targetProxy = FB0AD56F1FDADE230036057C /* PBXContainerItemProxy */;
		};
/* End PBXTargetDependency section */

/* Begin PBXVariantGroup section */
		FB0AD5681FDADE230036057C /* MainInterface.storyboard */ = {
			isa = PBXVariantGroup;
			children = (
				FB0AD5691FDADE230036057C /* Base */,
			);
			name = MainInterface.storyboard;
			sourceTree = "<group>";
		};
/* End PBXVariantGroup section */

/* Begin XCBuildConfiguration section */
		FB0AD5731FDADE230036057C /* Debug */ = {
			isa = XCBuildConfiguration;
			buildSettings = {
				CODE_SIGN_STYLE = Automatic;
				DEVELOPMENT_TEAM = HK64XTSZFA;
				INFOPLIST_FILE = HazMatIntentsUI/Info.plist;
				IPHONEOS_DEPLOYMENT_TARGET = 11.2;
				LD_RUNPATH_SEARCH_PATHS = "$(inherited) @executable_path/Frameworks @executable_path/../../Frameworks";
				PRODUCT_BUNDLE_IDENTIFIER = com.cheswick.ChesHaz.HazMatIntentsUI;
				PRODUCT_NAME = "$(TARGET_NAME)";
				SKIP_INSTALL = YES;
				TARGETED_DEVICE_FAMILY = "1,2";
			};
			name = Debug;
		};
		FB0AD5741FDADE230036057C /* Release */ = {
			isa = XCBuildConfiguration;
			buildSettings = {
				CODE_SIGN_STYLE = Automatic;
				DEVELOPMENT_TEAM = HK64XTSZFA;
				INFOPLIST_FILE = HazMatIntentsUI/Info.plist;
				IPHONEOS_DEPLOYMENT_TARGET = 11.2;
				LD_RUNPATH_SEARCH_PATHS = "$(inherited) @executable_path/Frameworks @executable_path/../../Frameworks";
				PRODUCT_BUNDLE_IDENTIFIER = com.cheswick.ChesHaz.HazMatIntentsUI;
				PRODUCT_NAME = "$(TARGET_NAME)";
				SKIP_INSTALL = YES;
				TARGETED_DEVICE_FAMILY = "1,2";
			};
			name = Release;
		};
		FB0AD5761FDADE230036057C /* Debug */ = {
			isa = XCBuildConfiguration;
			buildSettings = {
				CODE_SIGN_STYLE = Automatic;
				DEVELOPMENT_TEAM = HK64XTSZFA;
				INFOPLIST_FILE = HazMatIntents/Info.plist;
				IPHONEOS_DEPLOYMENT_TARGET = 11.2;
				LD_RUNPATH_SEARCH_PATHS = "$(inherited) @executable_path/Frameworks @executable_path/../../Frameworks";
				PRODUCT_BUNDLE_IDENTIFIER = com.cheswick.ChesHaz.HazMatIntents;
				PRODUCT_NAME = "$(TARGET_NAME)";
				SKIP_INSTALL = YES;
				TARGETED_DEVICE_FAMILY = "1,2";
			};
			name = Debug;
		};
		FB0AD5771FDADE230036057C /* Release */ = {
			isa = XCBuildConfiguration;
			buildSettings = {
				CODE_SIGN_STYLE = Automatic;
				DEVELOPMENT_TEAM = HK64XTSZFA;
				INFOPLIST_FILE = HazMatIntents/Info.plist;
				IPHONEOS_DEPLOYMENT_TARGET = 11.2;
				LD_RUNPATH_SEARCH_PATHS = "$(inherited) @executable_path/Frameworks @executable_path/../../Frameworks";
				PRODUCT_BUNDLE_IDENTIFIER = com.cheswick.ChesHaz.HazMatIntents;
				PRODUCT_NAME = "$(TARGET_NAME)";
				SKIP_INSTALL = YES;
				TARGETED_DEVICE_FAMILY = "1,2";
			};
			name = Release;
		};
		FBDC110B1FD32697009D3933 /* Debug */ = {
			isa = XCBuildConfiguration;
			buildSettings = {
				ALWAYS_SEARCH_USER_PATHS = NO;
				CLANG_ANALYZER_NONNULL = YES;
				CLANG_ANALYZER_NUMBER_OBJECT_CONVERSION = YES_AGGRESSIVE;
				CLANG_CXX_LANGUAGE_STANDARD = "gnu++14";
				CLANG_CXX_LIBRARY = "libc++";
				CLANG_ENABLE_MODULES = YES;
				CLANG_ENABLE_OBJC_ARC = YES;
				CLANG_WARN_BLOCK_CAPTURE_AUTORELEASING = YES;
				CLANG_WARN_BOOL_CONVERSION = YES;
				CLANG_WARN_COMMA = YES;
				CLANG_WARN_CONSTANT_CONVERSION = YES;
				CLANG_WARN_DIRECT_OBJC_ISA_USAGE = YES_ERROR;
				CLANG_WARN_DOCUMENTATION_COMMENTS = YES;
				CLANG_WARN_EMPTY_BODY = YES;
				CLANG_WARN_ENUM_CONVERSION = YES;
				CLANG_WARN_INFINITE_RECURSION = YES;
				CLANG_WARN_INT_CONVERSION = YES;
				CLANG_WARN_NON_LITERAL_NULL_CONVERSION = YES;
				CLANG_WARN_OBJC_LITERAL_CONVERSION = YES;
				CLANG_WARN_OBJC_ROOT_CLASS = YES_ERROR;
				CLANG_WARN_RANGE_LOOP_ANALYSIS = YES;
				CLANG_WARN_STRICT_PROTOTYPES = YES;
				CLANG_WARN_SUSPICIOUS_MOVE = YES;
				CLANG_WARN_UNGUARDED_AVAILABILITY = YES_AGGRESSIVE;
				CLANG_WARN_UNREACHABLE_CODE = YES;
				CLANG_WARN__DUPLICATE_METHOD_MATCH = YES;
				CODE_SIGN_IDENTITY = "iPhone Developer";
				COPY_PHASE_STRIP = NO;
				DEBUG_INFORMATION_FORMAT = dwarf;
				ENABLE_STRICT_OBJC_MSGSEND = YES;
				ENABLE_TESTABILITY = YES;
				GCC_C_LANGUAGE_STANDARD = gnu11;
				GCC_DYNAMIC_NO_PIC = NO;
				GCC_NO_COMMON_BLOCKS = YES;
				GCC_OPTIMIZATION_LEVEL = 0;
				GCC_PREPROCESSOR_DEFINITIONS = (
					"DEBUG=1",
					"$(inherited)",
				);
				GCC_WARN_64_TO_32_BIT_CONVERSION = YES;
				GCC_WARN_ABOUT_RETURN_TYPE = YES_ERROR;
				GCC_WARN_UNDECLARED_SELECTOR = YES;
				GCC_WARN_UNINITIALIZED_AUTOS = YES_AGGRESSIVE;
				GCC_WARN_UNUSED_FUNCTION = YES;
				GCC_WARN_UNUSED_VARIABLE = YES;
				IPHONEOS_DEPLOYMENT_TARGET = 11.0;
				MTL_ENABLE_DEBUG_INFO = YES;
				ONLY_ACTIVE_ARCH = YES;
				SDKROOT = iphoneos;
			};
			name = Debug;
		};
		FBDC110C1FD32697009D3933 /* Release */ = {
			isa = XCBuildConfiguration;
			buildSettings = {
				ALWAYS_SEARCH_USER_PATHS = NO;
				CLANG_ANALYZER_NONNULL = YES;
				CLANG_ANALYZER_NUMBER_OBJECT_CONVERSION = YES_AGGRESSIVE;
				CLANG_CXX_LANGUAGE_STANDARD = "gnu++14";
				CLANG_CXX_LIBRARY = "libc++";
				CLANG_ENABLE_MODULES = YES;
				CLANG_ENABLE_OBJC_ARC = YES;
				CLANG_WARN_BLOCK_CAPTURE_AUTORELEASING = YES;
				CLANG_WARN_BOOL_CONVERSION = YES;
				CLANG_WARN_COMMA = YES;
				CLANG_WARN_CONSTANT_CONVERSION = YES;
				CLANG_WARN_DIRECT_OBJC_ISA_USAGE = YES_ERROR;
				CLANG_WARN_DOCUMENTATION_COMMENTS = YES;
				CLANG_WARN_EMPTY_BODY = YES;
				CLANG_WARN_ENUM_CONVERSION = YES;
				CLANG_WARN_INFINITE_RECURSION = YES;
				CLANG_WARN_INT_CONVERSION = YES;
				CLANG_WARN_NON_LITERAL_NULL_CONVERSION = YES;
				CLANG_WARN_OBJC_LITERAL_CONVERSION = YES;
				CLANG_WARN_OBJC_ROOT_CLASS = YES_ERROR;
				CLANG_WARN_RANGE_LOOP_ANALYSIS = YES;
				CLANG_WARN_STRICT_PROTOTYPES = YES;
				CLANG_WARN_SUSPICIOUS_MOVE = YES;
				CLANG_WARN_UNGUARDED_AVAILABILITY = YES_AGGRESSIVE;
				CLANG_WARN_UNREACHABLE_CODE = YES;
				CLANG_WARN__DUPLICATE_METHOD_MATCH = YES;
				CODE_SIGN_IDENTITY = "iPhone Developer";
				COPY_PHASE_STRIP = NO;
				DEBUG_INFORMATION_FORMAT = "dwarf-with-dsym";
				ENABLE_NS_ASSERTIONS = NO;
				ENABLE_STRICT_OBJC_MSGSEND = YES;
				GCC_C_LANGUAGE_STANDARD = gnu11;
				GCC_NO_COMMON_BLOCKS = YES;
				GCC_WARN_64_TO_32_BIT_CONVERSION = YES;
				GCC_WARN_ABOUT_RETURN_TYPE = YES_ERROR;
				GCC_WARN_UNDECLARED_SELECTOR = YES;
				GCC_WARN_UNINITIALIZED_AUTOS = YES_AGGRESSIVE;
				GCC_WARN_UNUSED_FUNCTION = YES;
				GCC_WARN_UNUSED_VARIABLE = YES;
				IPHONEOS_DEPLOYMENT_TARGET = 11.0;
				MTL_ENABLE_DEBUG_INFO = NO;
				SDKROOT = iphoneos;
				VALIDATE_PRODUCT = YES;
			};
			name = Release;
		};
		FBDC110E1FD32697009D3933 /* Debug */ = {
			isa = XCBuildConfiguration;
			buildSettings = {
				ASSETCATALOG_COMPILER_APPICON_NAME = AppIcon;
				CODE_SIGN_ENTITLEMENTS = ChesHaz/ChesHaz.entitlements;
				"CODE_SIGN_IDENTITY[sdk=iphoneos*]" = "iPhone Developer";
				CODE_SIGN_STYLE = Automatic;
				DEVELOPMENT_TEAM = HK64XTSZFA;
				INFOPLIST_FILE = ChesHaz/Info.plist;
				IPHONEOS_DEPLOYMENT_TARGET = 11.0;
				LD_RUNPATH_SEARCH_PATHS = "$(inherited) @executable_path/Frameworks";
				PRODUCT_BUNDLE_IDENTIFIER = com.cheswick.ChesHaz;
				PRODUCT_NAME = "$(TARGET_NAME)";
				PROVISIONING_PROFILE = "";
				PROVISIONING_PROFILE_SPECIFIER = "";
				TARGETED_DEVICE_FAMILY = "1,2";
			};
			name = Debug;
		};
		FBDC110F1FD32697009D3933 /* Release */ = {
			isa = XCBuildConfiguration;
			buildSettings = {
				ASSETCATALOG_COMPILER_APPICON_NAME = AppIcon;
				CODE_SIGN_ENTITLEMENTS = ChesHaz/ChesHaz.entitlements;
				"CODE_SIGN_IDENTITY[sdk=iphoneos*]" = "iPhone Developer";
				CODE_SIGN_STYLE = Automatic;
				DEVELOPMENT_TEAM = HK64XTSZFA;
				INFOPLIST_FILE = ChesHaz/Info.plist;
				IPHONEOS_DEPLOYMENT_TARGET = 11.0;
				LD_RUNPATH_SEARCH_PATHS = "$(inherited) @executable_path/Frameworks";
				PRODUCT_BUNDLE_IDENTIFIER = com.cheswick.ChesHaz;
				PRODUCT_NAME = "$(TARGET_NAME)";
				PROVISIONING_PROFILE = "";
				PROVISIONING_PROFILE_SPECIFIER = "";
				TARGETED_DEVICE_FAMILY = "1,2";
			};
			name = Release;
		};
/* End XCBuildConfiguration section */

/* Begin XCConfigurationList section */
		FB0AD5721FDADE230036057C /* Build configuration list for PBXNativeTarget "HazMatIntentsUI" */ = {
			isa = XCConfigurationList;
			buildConfigurations = (
				FB0AD5731FDADE230036057C /* Debug */,
				FB0AD5741FDADE230036057C /* Release */,
			);
			defaultConfigurationIsVisible = 0;
			defaultConfigurationName = Release;
		};
		FB0AD5751FDADE230036057C /* Build configuration list for PBXNativeTarget "HazMatIntents" */ = {
			isa = XCConfigurationList;
			buildConfigurations = (
				FB0AD5761FDADE230036057C /* Debug */,
				FB0AD5771FDADE230036057C /* Release */,
			);
			defaultConfigurationIsVisible = 0;
			defaultConfigurationName = Release;
		};
		FBDC10EF1FD32697009D3933 /* Build configuration list for PBXProject "ChesHaz" */ = {
			isa = XCConfigurationList;
			buildConfigurations = (
				FBDC110B1FD32697009D3933 /* Debug */,
				FBDC110C1FD32697009D3933 /* Release */,
			);
			defaultConfigurationIsVisible = 0;
			defaultConfigurationName = Release;
		};
		FBDC110D1FD32697009D3933 /* Build configuration list for PBXNativeTarget "ChesHaz" */ = {
			isa = XCConfigurationList;
			buildConfigurations = (
				FBDC110E1FD32697009D3933 /* Debug */,
				FBDC110F1FD32697009D3933 /* Release */,
			);
			defaultConfigurationIsVisible = 0;
			defaultConfigurationName = Release;
		};
/* End XCConfigurationList section */

/* Begin XCVersionGroup section */
		FBDC11001FD32697009D3933 /* ChesHaz.xcdatamodeld */ = {
			isa = XCVersionGroup;
			children = (
				FBDC11011FD32697009D3933 /* ChesHaz.xcdatamodel */,
			);
			currentVersion = FBDC11011FD32697009D3933 /* ChesHaz.xcdatamodel */;
			path = ChesHaz.xcdatamodeld;
			sourceTree = "<group>";
			versionGroupType = wrapper.xcdatamodel;
		};
/* End XCVersionGroup section */
	};
	rootObject = FBDC10EC1FD32697009D3933 /* Project object */;
}
